
Microsoft Visual Studio Solution File, Format Version 12.00
# Visual Studio Version 17
VisualStudioVersion = 17.11.35312.102
MinimumVisualStudioVersion = 10.0.40219.1
Project("{9A19103F-16F7-4668-BE54-9A1E7A4F7556}") = "TaskmanagementSystem", "TaskmanagementSystem.csproj", "{3B2F9837-8434-4958-82CB-13A9B923E5BE}"
EndProject
Global
	GlobalSection(SolutionConfigurationPlatforms) = preSolution
		Debug|Any CPU = Debug|Any CPU
		Release|Any CPU = Release|Any CPU
	EndGlobalSection
	GlobalSection(ProjectConfigurationPlatforms) = postSolution
		{3B2F9837-8434-4958-82CB-13A9B923E5BE}.Debug|Any CPU.ActiveCfg = Debug|Any CPU
		{3B2F9837-8434-4958-82CB-13A9B923E5BE}.Debug|Any CPU.Build.0 = Debug|Any CPU
		{3B2F9837-8434-4958-82CB-13A9B923E5BE}.Release|Any CPU.ActiveCfg = Release|Any CPU
		{3B2F9837-8434-4958-82CB-13A9B923E5BE}.Release|Any CPU.Build.0 = Release|Any CPU
	EndGlobalSection
	GlobalSection(SolutionProperties) = preSolution
		HideSolutionNode = FALSE
	EndGlobalSection
	GlobalSection(ExtensibilityGlobals) = postSolution
		SolutionGuid = {169AFA92-3A04-4B4A-BCE8-DB6AB60FDC07}
	EndGlobalSection
EndGlobal
